
Microsoft Visual Studio Solution File, Format Version 12.00
# Visual Studio Version 17
VisualStudioVersion = 17.9.34728.123
MinimumVisualStudioVersion = 10.0.40219.1
Project("{FAE04EC0-301F-11D3-BF4B-00C04F79EFBC}") = "OdontFlow.Presentation", "OdontFlow.Presentation\OdontFlow.Presentation.csproj", "{D97CB0D8-3031-4FA3-9071-51029D8C84B6}"
EndProject
Project("{FAE04EC0-301F-11D3-BF4B-00C04F79EFBC}") = "OdontFlow.Application", "OdontFlow.Application\OdontFlow.Application.csproj", "{43C8BADD-B385-4ADC-8AF6-A8EF49A719DF}"
EndProject
Project("{FAE04EC0-301F-11D3-BF4B-00C04F79EFBC}") = "OdontFlow.CrossCutting", "OdontFlow.CrossCutting\OdontFlow.CrossCutting.csproj", "{EF50137D-1B17-483C-A66C-8DC8AA0AF9A4}"
EndProject
Project("{FAE04EC0-301F-11D3-BF4B-00C04F79EFBC}") = "OdontFlow.Domain", "OdontFlow.Domain\OdontFlow.Domain.csproj", "{DC6563A6-6068-48FA-8898-CC254E58E873}"
EndProject
Project("{FAE04EC0-301F-11D3-BF4B-00C04F79EFBC}") = "OdontFlow.Persistence", "OdontFlow.Persistence\OdontFlow.Persistence.csproj", "{E74B7454-811D-4E28-A50D-BE3EB747B483}"
EndProject
Project("{FAE04EC0-301F-11D3-BF4B-00C04F79EFBC}") = "OdontFlow.Infraestructure", "OdontFlow.Infraestructure\OdontFlow.Infraestructure.csproj", "{C12694A5-745D-4FEC-94AF-1850892FD89C}"
EndProject
Global
	GlobalSection(SolutionConfigurationPlatforms) = preSolution
		Debug|Any CPU = Debug|Any CPU
		Release|Any CPU = Release|Any CPU
	EndGlobalSection
	GlobalSection(ProjectConfigurationPlatforms) = postSolution
		{D97CB0D8-3031-4FA3-9071-51029D8C84B6}.Debug|Any CPU.ActiveCfg = Debug|Any CPU
		{D97CB0D8-3031-4FA3-9071-51029D8C84B6}.Debug|Any CPU.Build.0 = Debug|Any CPU
		{D97CB0D8-3031-4FA3-9071-51029D8C84B6}.Release|Any CPU.ActiveCfg = Release|Any CPU
		{D97CB0D8-3031-4FA3-9071-51029D8C84B6}.Release|Any CPU.Build.0 = Release|Any CPU
		{43C8BADD-B385-4ADC-8AF6-A8EF49A719DF}.Debug|Any CPU.ActiveCfg = Debug|Any CPU
		{43C8BADD-B385-4ADC-8AF6-A8EF49A719DF}.Debug|Any CPU.Build.0 = Debug|Any CPU
		{43C8BADD-B385-4ADC-8AF6-A8EF49A719DF}.Release|Any CPU.ActiveCfg = Release|Any CPU
		{43C8BADD-B385-4ADC-8AF6-A8EF49A719DF}.Release|Any CPU.Build.0 = Release|Any CPU
		{EF50137D-1B17-483C-A66C-8DC8AA0AF9A4}.Debug|Any CPU.ActiveCfg = Debug|Any CPU
		{EF50137D-1B17-483C-A66C-8DC8AA0AF9A4}.Debug|Any CPU.Build.0 = Debug|Any CPU
		{EF50137D-1B17-483C-A66C-8DC8AA0AF9A4}.Release|Any CPU.ActiveCfg = Release|Any CPU
		{EF50137D-1B17-483C-A66C-8DC8AA0AF9A4}.Release|Any CPU.Build.0 = Release|Any CPU
		{DC6563A6-6068-48FA-8898-CC254E58E873}.Debug|Any CPU.ActiveCfg = Debug|Any CPU
		{DC6563A6-6068-48FA-8898-CC254E58E873}.Debug|Any CPU.Build.0 = Debug|Any CPU
		{DC6563A6-6068-48FA-8898-CC254E58E873}.Release|Any CPU.ActiveCfg = Release|Any CPU
		{DC6563A6-6068-48FA-8898-CC254E58E873}.Release|Any CPU.Build.0 = Release|Any CPU
		{E74B7454-811D-4E28-A50D-BE3EB747B483}.Debug|Any CPU.ActiveCfg = Debug|Any CPU
		{E74B7454-811D-4E28-A50D-BE3EB747B483}.Debug|Any CPU.Build.0 = Debug|Any CPU
		{E74B7454-811D-4E28-A50D-BE3EB747B483}.Release|Any CPU.ActiveCfg = Release|Any CPU
		{E74B7454-811D-4E28-A50D-BE3EB747B483}.Release|Any CPU.Build.0 = Release|Any CPU
		{C12694A5-745D-4FEC-94AF-1850892FD89C}.Debug|Any CPU.ActiveCfg = Debug|Any CPU
		{C12694A5-745D-4FEC-94AF-1850892FD89C}.Debug|Any CPU.Build.0 = Debug|Any CPU
		{C12694A5-745D-4FEC-94AF-1850892FD89C}.Release|Any CPU.ActiveCfg = Release|Any CPU
		{C12694A5-745D-4FEC-94AF-1850892FD89C}.Release|Any CPU.Build.0 = Release|Any CPU
	EndGlobalSection
	GlobalSection(SolutionProperties) = preSolution
		HideSolutionNode = FALSE
	EndGlobalSection
	GlobalSection(ExtensibilityGlobals) = postSolution
		SolutionGuid = {9B307996-10D4-4ECA-AE7D-94726D86D418}
	EndGlobalSection
EndGlobal
